
Microsoft Visual Studio Solution File, Format Version 12.00
# Visual Studio Version 17
VisualStudioVersion = 17.9.34622.214
MinimumVisualStudioVersion = 10.0.40219.1
Project("{FAE04EC0-301F-11D3-BF4B-00C04F79EFBC}") = "AdvancedRename", "AdvancedRename\AdvancedRename.csproj", "{AA43CDA6-E974-4340-BF64-4A5F7B05C39E}"
EndProject
Global
	GlobalSection(SolutionConfigurationPlatforms) = preSolution
		Debug|Any CPU = Debug|Any CPU
		Release|Any CPU = Release|Any CPU
	EndGlobalSection
	GlobalSection(ProjectConfigurationPlatforms) = postSolution
		{AA43CDA6-E974-4340-BF64-4A5F7B05C39E}.Debug|Any CPU.ActiveCfg = Debug|Any CPU
		{AA43CDA6-E974-4340-BF64-4A5F7B05C39E}.Debug|Any CPU.Build.0 = Debug|Any CPU
		{AA43CDA6-E974-4340-BF64-4A5F7B05C39E}.Release|Any CPU.ActiveCfg = Release|Any CPU
		{AA43CDA6-E974-4340-BF64-4A5F7B05C39E}.Release|Any CPU.Build.0 = Release|Any CPU
	EndGlobalSection
	GlobalSection(SolutionProperties) = preSolution
		HideSolutionNode = FALSE
	EndGlobalSection
	GlobalSection(ExtensibilityGlobals) = postSolution
		SolutionGuid = {E6D2F034-2057-4C35-9E0F-29FC45759745}
	EndGlobalSection
EndGlobal
